{
  "version": 4,
  "terraform_version": "1.5.7",
  "serial": 93,
  "lineage": "d16fbc22-21d2-2942-8d7d-b3a332345d18",
  "outputs": {
    "step_function_arn": {
      "value": "arn:aws:states:us-west-2:202533497212:stateMachine:recipe-automation-dev-recipe-processor",
      "type": "string"
    }
  },
  "resources": [
    {
      "module": "module.lambda",
      "mode": "managed",
      "type": "aws_cloudwatch_log_group",
      "name": "archive_creator_logs",
      "provider": "provider[\"registry.terraform.io/hashicorp/aws\"]",
      "instances": [
        {
          "schema_version": 0,
          "attributes": {
            "arn": "arn:aws:logs:us-west-2:202533497212:log-group:/aws/lambda/recipe-automation-dev-archive-creator",
            "id": "/aws/lambda/recipe-automation-dev-archive-creator",
            "kms_key_id": "",
            "log_group_class": "STANDARD",
            "name": "/aws/lambda/recipe-automation-dev-archive-creator",
            "name_prefix": "",
            "retention_in_days": 14,
            "skip_destroy": false,
            "tags": {
              "Environment": "dev",
              "Project": "recipe-automation",
              "Terraform": "true"
            },
            "tags_all": {
              "Environment": "dev",
              "Project": "recipe-automation",
              "Terraform": "true"
            }
          },
          "sensitive_attributes": [],
          "private": "bnVsbA==",
          "dependencies": [
            "module.lambda.aws_lambda_function.archive_creator",
            "module.network.aws_subnet.private",
            "module.network.aws_vpc.main",
            "module.network.data.aws_availability_zones.available",
            "module.security.aws_iam_role.lambda_role",
            "module.security.aws_security_group.lambda_sg",
            "module.storage.aws_s3_bucket.archive_storage",
            "module.storage.aws_s3_bucket.recipe_storage"
          ]
        }
      ]
    },
    {
      "module": "module.lambda",
      "mode": "managed",
      "type": "aws_cloudwatch_log_group",
      "name": "merge_results_logs",
      "provider": "provider[\"registry.terraform.io/hashicorp/aws\"]",
      "instances": [
        {
          "schema_version": 0,
          "attributes": {
            "arn": "arn:aws:logs:us-west-2:202533497212:log-group:/aws/lambda/recipe-automation-dev-merge-results",
            "id": "/aws/lambda/recipe-automation-dev-merge-results",
            "kms_key_id": "",
            "log_group_class": "STANDARD",
            "name": "/aws/lambda/recipe-automation-dev-merge-results",
            "name_prefix": "",
            "retention_in_days": 14,
            "skip_destroy": false,
            "tags": {
              "Environment": "dev",
              "Project": "recipe-automation",
              "Terraform": "true"
            },
            "tags_all": {
              "Environment": "dev",
              "Project": "recipe-automation",
              "Terraform": "true"
            }
          },
          "sensitive_attributes": [],
          "private": "bnVsbA==",
          "dependencies": [
            "module.lambda.aws_lambda_function.merge_results",
            "module.network.aws_subnet.private",
            "module.network.aws_vpc.main",
            "module.network.data.aws_availability_zones.available",
            "module.security.aws_iam_role.lambda_role",
            "module.security.aws_security_group.lambda_sg"
          ]
        }
      ]
    },
    {
      "module": "module.lambda",
      "mode": "managed",
      "type": "aws_cloudwatch_log_group",
      "name": "process_chunk_logs",
      "provider": "provider[\"registry.terraform.io/hashicorp/aws\"]",
      "instances": [
        {
          "schema_version": 0,
          "attributes": {
            "arn": "arn:aws:logs:us-west-2:202533497212:log-group:/aws/lambda/recipe-automation-dev-process-chunk",
            "id": "/aws/lambda/recipe-automation-dev-process-chunk",
            "kms_key_id": "",
            "log_group_class": "STANDARD",
            "name": "/aws/lambda/recipe-automation-dev-process-chunk",
            "name_prefix": "",
            "retention_in_days": 14,
            "skip_destroy": false,
            "tags": {
              "Environment": "dev",
              "Project": "recipe-automation",
              "Terraform": "true"
            },
            "tags_all": {
              "Environment": "dev",
              "Project": "recipe-automation",
              "Terraform": "true"
            }
          },
          "sensitive_attributes": [],
          "private": "bnVsbA==",
          "dependencies": [
            "module.lambda.aws_lambda_function.process_chunk",
            "module.network.aws_subnet.private",
            "module.network.aws_vpc.main",
            "module.network.data.aws_availability_zones.available",
            "module.security.aws_iam_role.lambda_role",
            "module.security.aws_security_group.lambda_sg"
          ]
        }
      ]
    },
    {
      "module": "module.lambda",
      "mode": "managed",
      "type": "aws_cloudwatch_log_group",
      "name": "recipe_processor_logs",
      "provider": "provider[\"registry.terraform.io/hashicorp/aws\"]",
      "instances": [
        {
          "schema_version": 0,
          "attributes": {
            "arn": "arn:aws:logs:us-west-2:202533497212:log-group:/aws/lambda/recipe-automation-dev-recipe-processor",
            "id": "/aws/lambda/recipe-automation-dev-recipe-processor",
            "kms_key_id": "",
            "log_group_class": "STANDARD",
            "name": "/aws/lambda/recipe-automation-dev-recipe-processor",
            "name_prefix": "",
            "retention_in_days": 14,
            "skip_destroy": false,
            "tags": {
              "Environment": "dev",
              "Project": "recipe-automation",
              "Terraform": "true"
            },
            "tags_all": {
              "Environment": "dev",
              "Project": "recipe-automation",
              "Terraform": "true"
            }
          },
          "sensitive_attributes": [],
          "private": "bnVsbA==",
          "dependencies": [
            "module.lambda.aws_lambda_function.recipe_processor",
            "module.network.aws_subnet.private",
            "module.network.aws_vpc.main",
            "module.network.data.aws_availability_zones.available",
            "module.security.aws_iam_role.lambda_role",
            "module.security.aws_security_group.lambda_sg",
            "module.storage.aws_s3_bucket.archive_storage",
            "module.storage.aws_s3_bucket.recipe_storage"
          ]
        }
      ]
    },
    {
      "module": "module.lambda",
      "mode": "managed",
      "type": "aws_cloudwatch_log_group",
      "name": "split_file_logs",
      "provider": "provider[\"registry.terraform.io/hashicorp/aws\"]",
      "instances": [
        {
          "schema_version": 0,
          "attributes": {
            "arn": "arn:aws:logs:us-west-2:202533497212:log-group:/aws/lambda/recipe-automation-dev-split-file",
            "id": "/aws/lambda/recipe-automation-dev-split-file",
            "kms_key_id": "",
            "log_group_class": "STANDARD",
            "name": "/aws/lambda/recipe-automation-dev-split-file",
            "name_prefix": "",
            "retention_in_days": 14,
            "skip_destroy": false,
            "tags": {
              "Environment": "dev",
              "Project": "recipe-automation",
              "Terraform": "true"
            },
            "tags_all": {
              "Environment": "dev",
              "Project": "recipe-automation",
              "Terraform": "true"
            }
          },
          "sensitive_attributes": [],
          "private": "bnVsbA==",
          "dependencies": [
            "module.lambda.aws_lambda_function.merge_results",
            "module.lambda.aws_lambda_function.process_chunk",
            "module.lambda.aws_lambda_function.split_file",
            "module.lambda.aws_sfn_state_machine.recipe_processor",
            "module.network.aws_subnet.private",
            "module.network.aws_vpc.main",
            "module.network.data.aws_availability_zones.available",
            "module.security.aws_iam_role.lambda_role",
            "module.security.aws_iam_role.step_functions",
            "module.security.aws_security_group.lambda_sg"
          ]
        }
      ]
    },
    {
      "module": "module.lambda",
      "mode": "managed",
      "type": "aws_cloudwatch_log_group",
      "name": "step_functions_logs",
      "provider": "provider[\"registry.terraform.io/hashicorp/aws\"]",
      "instances": [
        {
          "schema_version": 0,
          "attributes": {
            "arn": "arn:aws:logs:us-west-2:202533497212:log-group:/aws/vendedlogs/states/recipe-automation-dev-recipe-processor",
            "id": "/aws/vendedlogs/states/recipe-automation-dev-recipe-processor",
            "kms_key_id": "",
            "log_group_class": "STANDARD",
            "name": "/aws/vendedlogs/states/recipe-automation-dev-recipe-processor",
            "name_prefix": "",
            "retention_in_days": 14,
            "skip_destroy": false,
            "tags": {
              "Environment": "dev",
              "Project": "recipe-automation",
              "Terraform": "true"
            },
            "tags_all": {
              "Environment": "dev",
              "Project": "recipe-automation",
              "Terraform": "true"
            }
          },
          "sensitive_attributes": [],
          "private": "bnVsbA==",
          "dependencies": [
            "module.lambda.aws_lambda_function.merge_results",
            "module.lambda.aws_lambda_function.process_chunk",
            "module.lambda.aws_sfn_state_machine.recipe_processor",
            "module.network.aws_subnet.private",
            "module.network.aws_vpc.main",
            "module.network.data.aws_availability_zones.available",
            "module.security.aws_iam_role.lambda_role",
            "module.security.aws_iam_role.step_functions",
            "module.security.aws_security_group.lambda_sg"
          ]
        }
      ]
    },
    {
      "module": "module.lambda",
      "mode": "managed",
      "type": "aws_lambda_function",
      "name": "archive_creator",
      "provider": "provider[\"registry.terraform.io/hashicorp/aws\"]",
      "instances": [
        {
          "schema_version": 0,
          "attributes": {
            "architectures": [
              "x86_64"
            ],
            "arn": "arn:aws:lambda:us-west-2:202533497212:function:recipe-automation-dev-archive-creator",
            "code_sha256": "c7U/QABrjlJHE0US3kTE117nQ0izwXAN5/OeG8WdEOc=",
            "code_signing_config_arn": "",
            "dead_letter_config": [],
            "description": "",
            "environment": [
              {
                "variables": {
                  "ARCHIVE_BUCKET": "recipe-automation-dev-archives",
                  "ENVIRONMENT": "dev",
                  "RECIPE_BUCKET": "recipe-automation-dev-recipes"
                }
              }
            ],
            "ephemeral_storage": [
              {
                "size": 512
              }
            ],
            "file_system_config": [],
            "filename": "../../modules/lambda/functions/archive_creator.zip",
            "function_name": "recipe-automation-dev-archive-creator",
            "handler": "index.lambda_handler",
            "id": "recipe-automation-dev-archive-creator",
            "image_config": [],
            "image_uri": "",
            "invoke_arn": "arn:aws:apigateway:us-west-2:lambda:path/2015-03-31/functions/arn:aws:lambda:us-west-2:202533497212:function:recipe-automation-dev-archive-creator/invocations",
            "kms_key_arn": "",
            "last_modified": "2025-02-23T18:33:39.141+0000",
            "layers": [],
            "logging_config": [
              {
                "application_log_level": "",
                "log_format": "Text",
                "log_group": "/aws/lambda/recipe-automation-dev-archive-creator",
                "system_log_level": ""
              }
            ],
            "memory_size": 512,
            "package_type": "Zip",
            "publish": false,
            "qualified_arn": "arn:aws:lambda:us-west-2:202533497212:function:recipe-automation-dev-archive-creator:$LATEST",
            "qualified_invoke_arn": "arn:aws:apigateway:us-west-2:lambda:path/2015-03-31/functions/arn:aws:lambda:us-west-2:202533497212:function:recipe-automation-dev-archive-creator:$LATEST/invocations",
            "replace_security_groups_on_destroy": null,
            "replacement_security_group_ids": null,
            "reserved_concurrent_executions": -1,
            "role": "arn:aws:iam::202533497212:role/recipe-automation-dev-lambda-role",
            "runtime": "python3.9",
            "s3_bucket": null,
            "s3_key": null,
            "s3_object_version": null,
            "signing_job_arn": "",
            "signing_profile_version_arn": "",
            "skip_destroy": false,
            "snap_start": [],
            "source_code_hash": "",
            "source_code_size": 14886759,
            "tags": {
              "Environment": "dev",
              "Name": "recipe-automation-dev-archive-creator",
              "Project": "recipe-automation",
              "Terraform": "true"
            },
            "tags_all": {
              "Environment": "dev",
              "Name": "recipe-automation-dev-archive-creator",
              "Project": "recipe-automation",
              "Terraform": "true"
            },
            "timeout": 300,
            "timeouts": null,
            "tracing_config": [
              {
                "mode": "PassThrough"
              }
            ],
            "version": "$LATEST",
            "vpc_config": [
              {
                "ipv6_allowed_for_dual_stack": false,
                "security_group_ids": [
                  "sg-0cad38c53e9bb85e1"
                ],
                "subnet_ids": [
                  "subnet-038e66f256362cef4",
                  "subnet-0f178db05016dd41c"
                ],
                "vpc_id": "vpc-09c73b4c10e72118d"
              }
            ]
          },
          "sensitive_attributes": [],
          "private": "eyJlMmJmYjczMC1lY2FhLTExZTYtOGY4OC0zNDM2M2JjN2M0YzAiOnsiY3JlYXRlIjo2MDAwMDAwMDAwMDAsImRlbGV0ZSI6NjAwMDAwMDAwMDAwLCJ1cGRhdGUiOjYwMDAwMDAwMDAwMH19",
          "dependencies": [
            "module.network.aws_subnet.private",
            "module.network.aws_vpc.main",
            "module.network.data.aws_availability_zones.available",
            "module.security.aws_iam_role.lambda_role",
            "module.security.aws_security_group.lambda_sg",
            "module.storage.aws_s3_bucket.archive_storage",
            "module.storage.aws_s3_bucket.recipe_storage"
          ]
        }
      ]
    },
    {
      "module": "module.lambda",
      "mode": "managed",
      "type": "aws_lambda_function",
      "name": "merge_results",
      "provider": "provider[\"registry.terraform.io/hashicorp/aws\"]",
      "instances": [
        {
          "schema_version": 0,
          "attributes": {
            "architectures": [
              "x86_64"
            ],
            "arn": "arn:aws:lambda:us-west-2:202533497212:function:recipe-automation-dev-merge-results",
            "code_sha256": "tKPj1k82FZ0sLs/FMnQR7iTSsSDUtpqgyacnfrQkVq4=",
            "code_signing_config_arn": "",
            "dead_letter_config": [],
            "description": "",
            "environment": [
              {
                "variables": {
                  "ENVIRONMENT": "dev"
                }
              }
            ],
            "ephemeral_storage": [
              {
                "size": 512
              }
            ],
            "file_system_config": [],
            "filename": "../../modules/lambda/functions/merge_results.zip",
            "function_name": "recipe-automation-dev-merge-results",
            "handler": "index.lambda_handler",
            "id": "recipe-automation-dev-merge-results",
            "image_config": [],
            "image_uri": "",
            "invoke_arn": "arn:aws:apigateway:us-west-2:lambda:path/2015-03-31/functions/arn:aws:lambda:us-west-2:202533497212:function:recipe-automation-dev-merge-results/invocations",
            "kms_key_arn": "",
            "last_modified": "2025-02-23T23:33:15.000+0000",
            "layers": [],
            "logging_config": [
              {
                "application_log_level": "",
                "log_format": "Text",
                "log_group": "/aws/lambda/recipe-automation-dev-merge-results",
                "system_log_level": ""
              }
            ],
            "memory_size": 1024,
            "package_type": "Zip",
            "publish": false,
            "qualified_arn": "arn:aws:lambda:us-west-2:202533497212:function:recipe-automation-dev-merge-results:$LATEST",
            "qualified_invoke_arn": "arn:aws:apigateway:us-west-2:lambda:path/2015-03-31/functions/arn:aws:lambda:us-west-2:202533497212:function:recipe-automation-dev-merge-results:$LATEST/invocations",
            "replace_security_groups_on_destroy": null,
            "replacement_security_group_ids": null,
            "reserved_concurrent_executions": -1,
            "role": "arn:aws:iam::202533497212:role/recipe-automation-dev-lambda-role",
            "runtime": "python3.9",
            "s3_bucket": null,
            "s3_key": null,
            "s3_object_version": null,
            "signing_job_arn": "",
            "signing_profile_version_arn": "",
            "skip_destroy": false,
            "snap_start": [],
            "source_code_hash": "",
            "source_code_size": 1116,
            "tags": {
              "Environment": "dev",
              "Project": "recipe-automation",
              "Terraform": "true"
            },
            "tags_all": {
              "Environment": "dev",
              "Project": "recipe-automation",
              "Terraform": "true"
            },
            "timeout": 300,
            "timeouts": null,
            "tracing_config": [
              {
                "mode": "PassThrough"
              }
            ],
            "version": "$LATEST",
            "vpc_config": [
              {
                "ipv6_allowed_for_dual_stack": false,
                "security_group_ids": [
                  "sg-0cad38c53e9bb85e1"
                ],
                "subnet_ids": [
                  "subnet-038e66f256362cef4",
                  "subnet-0f178db05016dd41c"
                ],
                "vpc_id": "vpc-09c73b4c10e72118d"
              }
            ]
          },
          "sensitive_attributes": [],
          "private": "eyJlMmJmYjczMC1lY2FhLTExZTYtOGY4OC0zNDM2M2JjN2M0YzAiOnsiY3JlYXRlIjo2MDAwMDAwMDAwMDAsImRlbGV0ZSI6NjAwMDAwMDAwMDAwLCJ1cGRhdGUiOjYwMDAwMDAwMDAwMH19",
          "dependencies": [
            "module.network.aws_subnet.private",
            "module.network.aws_vpc.main",
            "module.network.data.aws_availability_zones.available",
            "module.security.aws_iam_role.lambda_role",
            "module.security.aws_security_group.lambda_sg"
          ]
        }
      ]
    },
    {
      "module": "module.lambda",
      "mode": "managed",
      "type": "aws_lambda_function",
      "name": "process_chunk",
      "provider": "provider[\"registry.terraform.io/hashicorp/aws\"]",
      "instances": [
        {
          "schema_version": 0,
          "attributes": {
            "architectures": [
              "x86_64"
            ],
            "arn": "arn:aws:lambda:us-west-2:202533497212:function:recipe-automation-dev-process-chunk",
            "code_sha256": "wRATzScvT7rck+9C5pzLyjExvL/IrwZAS6OEwR42GLE=",
            "code_signing_config_arn": "",
            "dead_letter_config": [],
            "description": "",
            "environment": [
              {
                "variables": {
                  "ENVIRONMENT": "dev"
                }
              }
            ],
            "ephemeral_storage": [
              {
                "size": 512
              }
            ],
            "file_system_config": [],
            "filename": "../../modules/lambda/functions/process_chunk.zip",
            "function_name": "recipe-automation-dev-process-chunk",
            "handler": "index.lambda_handler",
            "id": "recipe-automation-dev-process-chunk",
            "image_config": [],
            "image_uri": "",
            "invoke_arn": "arn:aws:apigateway:us-west-2:lambda:path/2015-03-31/functions/arn:aws:lambda:us-west-2:202533497212:function:recipe-automation-dev-process-chunk/invocations",
            "kms_key_arn": "",
            "last_modified": "2025-02-23T23:26:15.000+0000",
            "layers": [],
            "logging_config": [
              {
                "application_log_level": "",
                "log_format": "Text",
                "log_group": "/aws/lambda/recipe-automation-dev-process-chunk",
                "system_log_level": ""
              }
            ],
            "memory_size": 1024,
            "package_type": "Zip",
            "publish": false,
            "qualified_arn": "arn:aws:lambda:us-west-2:202533497212:function:recipe-automation-dev-process-chunk:$LATEST",
            "qualified_invoke_arn": "arn:aws:apigateway:us-west-2:lambda:path/2015-03-31/functions/arn:aws:lambda:us-west-2:202533497212:function:recipe-automation-dev-process-chunk:$LATEST/invocations",
            "replace_security_groups_on_destroy": null,
            "replacement_security_group_ids": null,
            "reserved_concurrent_executions": -1,
            "role": "arn:aws:iam::202533497212:role/recipe-automation-dev-lambda-role",
            "runtime": "python3.9",
            "s3_bucket": null,
            "s3_key": null,
            "s3_object_version": null,
            "signing_job_arn": "",
            "signing_profile_version_arn": "",
            "skip_destroy": false,
            "snap_start": [],
            "source_code_hash": "",
            "source_code_size": 749,
            "tags": {
              "Environment": "dev",
              "Project": "recipe-automation",
              "Terraform": "true"
            },
            "tags_all": {
              "Environment": "dev",
              "Project": "recipe-automation",
              "Terraform": "true"
            },
            "timeout": 300,
            "timeouts": null,
            "tracing_config": [
              {
                "mode": "PassThrough"
              }
            ],
            "version": "$LATEST",
            "vpc_config": [
              {
                "ipv6_allowed_for_dual_stack": false,
                "security_group_ids": [
                  "sg-0cad38c53e9bb85e1"
                ],
                "subnet_ids": [
                  "subnet-038e66f256362cef4",
                  "subnet-0f178db05016dd41c"
                ],
                "vpc_id": "vpc-09c73b4c10e72118d"
              }
            ]
          },
          "sensitive_attributes": [],
          "private": "eyJlMmJmYjczMC1lY2FhLTExZTYtOGY4OC0zNDM2M2JjN2M0YzAiOnsiY3JlYXRlIjo2MDAwMDAwMDAwMDAsImRlbGV0ZSI6NjAwMDAwMDAwMDAwLCJ1cGRhdGUiOjYwMDAwMDAwMDAwMH19",
          "dependencies": [
            "module.network.aws_subnet.private",
            "module.network.aws_vpc.main",
            "module.network.data.aws_availability_zones.available",
            "module.security.aws_iam_role.lambda_role",
            "module.security.aws_security_group.lambda_sg"
          ]
        }
      ]
    },
    {
      "module": "module.lambda",
      "mode": "managed",
      "type": "aws_lambda_function",
      "name": "recipe_processor",
      "provider": "provider[\"registry.terraform.io/hashicorp/aws\"]",
      "instances": [
        {
          "schema_version": 0,
          "attributes": {
            "architectures": [
              "x86_64"
            ],
            "arn": "arn:aws:lambda:us-west-2:202533497212:function:recipe-automation-dev-recipe-processor",
            "code_sha256": "CLIJVqd6LCm06VkTax26LXS/FeDpWk92R/1SOAFNBmE=",
            "code_signing_config_arn": "",
            "dead_letter_config": [],
            "description": "",
            "environment": [
              {
                "variables": {
                  "ARCHIVE_BUCKET": "recipe-automation-dev-archives",
                  "ENVIRONMENT": "dev",
                  "RECIPE_BUCKET": "recipe-automation-dev-recipes"
                }
              }
            ],
            "ephemeral_storage": [
              {
                "size": 10240
              }
            ],
            "file_system_config": [],
            "filename": "../../modules/lambda/functions/recipe_processor.zip",
            "function_name": "recipe-automation-dev-recipe-processor",
            "handler": "index.lambda_handler",
            "id": "recipe-automation-dev-recipe-processor",
            "image_config": [],
            "image_uri": "",
            "invoke_arn": "arn:aws:apigateway:us-west-2:lambda:path/2015-03-31/functions/arn:aws:lambda:us-west-2:202533497212:function:recipe-automation-dev-recipe-processor/invocations",
            "kms_key_arn": "",
            "last_modified": "2025-02-23T19:55:05.268+0000",
            "layers": [],
            "logging_config": [
              {
                "application_log_level": "",
                "log_format": "Text",
                "log_group": "/aws/lambda/recipe-automation-dev-recipe-processor",
                "system_log_level": ""
              }
            ],
            "memory_size": 3008,
            "package_type": "Zip",
            "publish": false,
            "qualified_arn": "arn:aws:lambda:us-west-2:202533497212:function:recipe-automation-dev-recipe-processor:$LATEST",
            "qualified_invoke_arn": "arn:aws:apigateway:us-west-2:lambda:path/2015-03-31/functions/arn:aws:lambda:us-west-2:202533497212:function:recipe-automation-dev-recipe-processor:$LATEST/invocations",
            "replace_security_groups_on_destroy": null,
            "replacement_security_group_ids": null,
            "reserved_concurrent_executions": -1,
            "role": "arn:aws:iam::202533497212:role/recipe-automation-dev-lambda-role",
            "runtime": "python3.9",
            "s3_bucket": null,
            "s3_key": null,
            "s3_object_version": null,
            "signing_job_arn": "",
            "signing_profile_version_arn": "",
            "skip_destroy": false,
            "snap_start": [],
            "source_code_hash": "",
            "source_code_size": 14887700,
            "tags": {
              "Environment": "dev",
              "Name": "recipe-automation-dev-recipe-processor",
              "Project": "recipe-automation",
              "Terraform": "true"
            },
            "tags_all": {
              "Environment": "dev",
              "Name": "recipe-automation-dev-recipe-processor",
              "Project": "recipe-automation",
              "Terraform": "true"
            },
            "timeout": 900,
            "timeouts": null,
            "tracing_config": [
              {
                "mode": "PassThrough"
              }
            ],
            "version": "$LATEST",
            "vpc_config": [
              {
                "ipv6_allowed_for_dual_stack": false,
                "security_group_ids": [
                  "sg-0cad38c53e9bb85e1"
                ],
                "subnet_ids": [
                  "subnet-038e66f256362cef4",
                  "subnet-0f178db05016dd41c"
                ],
                "vpc_id": "vpc-09c73b4c10e72118d"
              }
            ]
          },
          "sensitive_attributes": [],
          "private": "eyJlMmJmYjczMC1lY2FhLTExZTYtOGY4OC0zNDM2M2JjN2M0YzAiOnsiY3JlYXRlIjo2MDAwMDAwMDAwMDAsImRlbGV0ZSI6NjAwMDAwMDAwMDAwLCJ1cGRhdGUiOjYwMDAwMDAwMDAwMH19",
          "dependencies": [
            "module.network.aws_subnet.private",
            "module.network.aws_vpc.main",
            "module.network.data.aws_availability_zones.available",
            "module.security.aws_iam_role.lambda_role",
            "module.security.aws_security_group.lambda_sg",
            "module.storage.aws_s3_bucket.archive_storage",
            "module.storage.aws_s3_bucket.recipe_storage"
          ]
        }
      ]
    },
    {
      "module": "module.lambda",
      "mode": "managed",
      "type": "aws_lambda_function",
      "name": "split_file",
      "provider": "provider[\"registry.terraform.io/hashicorp/aws\"]",
      "instances": [
        {
          "schema_version": 0,
          "attributes": {
            "architectures": [
              "x86_64"
            ],
            "arn": "arn:aws:lambda:us-west-2:202533497212:function:recipe-automation-dev-split-file",
            "code_sha256": "B8OKoD5pgITiAryRbj1KZ3C6LdP/jBHVtl5xVAXmgFw=",
            "code_signing_config_arn": "",
            "dead_letter_config": [],
            "description": "",
            "environment": [
              {
                "variables": {
                  "ENVIRONMENT": "dev",
                  "STEP_FUNCTION_ARN": "arn:aws:states:us-west-2:202533497212:stateMachine:recipe-automation-dev-recipe-processor"
                }
              }
            ],
            "ephemeral_storage": [
              {
                "size": 512
              }
            ],
            "file_system_config": [],
            "filename": "../../modules/lambda/functions/split_file.zip",
            "function_name": "recipe-automation-dev-split-file",
            "handler": "index.lambda_handler",
            "id": "recipe-automation-dev-split-file",
            "image_config": [],
            "image_uri": "",
            "invoke_arn": "arn:aws:apigateway:us-west-2:lambda:path/2015-03-31/functions/arn:aws:lambda:us-west-2:202533497212:function:recipe-automation-dev-split-file/invocations",
            "kms_key_arn": "",
            "last_modified": "2025-02-23T23:53:52.000+0000",
            "layers": [],
            "logging_config": [
              {
                "application_log_level": "",
                "log_format": "Text",
                "log_group": "/aws/lambda/recipe-automation-dev-split-file",
                "system_log_level": ""
              }
            ],
            "memory_size": 512,
            "package_type": "Zip",
            "publish": false,
            "qualified_arn": "arn:aws:lambda:us-west-2:202533497212:function:recipe-automation-dev-split-file:$LATEST",
            "qualified_invoke_arn": "arn:aws:apigateway:us-west-2:lambda:path/2015-03-31/functions/arn:aws:lambda:us-west-2:202533497212:function:recipe-automation-dev-split-file:$LATEST/invocations",
            "replace_security_groups_on_destroy": null,
            "replacement_security_group_ids": null,
            "reserved_concurrent_executions": -1,
            "role": "arn:aws:iam::202533497212:role/recipe-automation-dev-lambda-role",
            "runtime": "python3.9",
            "s3_bucket": null,
            "s3_key": null,
            "s3_object_version": null,
            "signing_job_arn": "",
            "signing_profile_version_arn": "",
            "skip_destroy": false,
            "snap_start": [],
            "source_code_hash": "",
            "source_code_size": 1003,
            "tags": {
              "Environment": "dev",
              "Project": "recipe-automation",
              "Terraform": "true"
            },
            "tags_all": {
              "Environment": "dev",
              "Project": "recipe-automation",
              "Terraform": "true"
            },
            "timeout": 300,
            "timeouts": null,
            "tracing_config": [
              {
                "mode": "PassThrough"
              }
            ],
            "version": "$LATEST",
            "vpc_config": [
              {
                "ipv6_allowed_for_dual_stack": false,
                "security_group_ids": [
                  "sg-0cad38c53e9bb85e1"
                ],
                "subnet_ids": [
                  "subnet-038e66f256362cef4",
                  "subnet-0f178db05016dd41c"
                ],
                "vpc_id": "vpc-09c73b4c10e72118d"
              }
            ]
          },
          "sensitive_attributes": [],
          "private": "eyJlMmJmYjczMC1lY2FhLTExZTYtOGY4OC0zNDM2M2JjN2M0YzAiOnsiY3JlYXRlIjo2MDAwMDAwMDAwMDAsImRlbGV0ZSI6NjAwMDAwMDAwMDAwLCJ1cGRhdGUiOjYwMDAwMDAwMDAwMH19",
          "dependencies": [
            "module.lambda.aws_lambda_function.merge_results",
            "module.lambda.aws_lambda_function.process_chunk",
            "module.lambda.aws_sfn_state_machine.recipe_processor",
            "module.network.aws_subnet.private",
            "module.security.aws_iam_role.lambda_role",
            "module.security.aws_iam_role.step_functions",
            "module.security.aws_security_group.lambda_sg"
          ]
        }
      ]
    },
    {
      "module": "module.lambda",
      "mode": "managed",
      "type": "aws_lambda_permission",
      "name": "allow_s3",
      "provider": "provider[\"registry.terraform.io/hashicorp/aws\"]",
      "instances": [
        {
          "schema_version": 0,
          "attributes": {
            "action": "lambda:InvokeFunction",
            "event_source_token": null,
            "function_name": "recipe-automation-dev-recipe-processor",
            "function_url_auth_type": null,
            "id": "AllowS3Invoke",
            "principal": "s3.amazonaws.com",
            "principal_org_id": null,
            "qualifier": "",
            "source_account": null,
            "source_arn": "arn:aws:s3:::recipe-automation-dev-recipes",
            "statement_id": "AllowS3Invoke",
            "statement_id_prefix": ""
          },
          "sensitive_attributes": [],
          "private": "bnVsbA==",
          "dependencies": [
            "module.lambda.aws_lambda_function.recipe_processor",
            "module.network.aws_subnet.private",
            "module.network.aws_vpc.main",
            "module.network.data.aws_availability_zones.available",
            "module.security.aws_iam_role.lambda_role",
            "module.security.aws_security_group.lambda_sg",
            "module.storage.aws_s3_bucket.archive_storage",
            "module.storage.aws_s3_bucket.recipe_storage"
          ]
        }
      ]
    },
    {
      "module": "module.lambda",
      "mode": "managed",
      "type": "aws_lambda_permission",
      "name": "allow_s3_split_file",
      "provider": "provider[\"registry.terraform.io/hashicorp/aws\"]",
      "instances": [
        {
          "schema_version": 0,
          "attributes": {
            "action": "lambda:InvokeFunction",
            "event_source_token": null,
            "function_name": "recipe-automation-dev-split-file",
            "function_url_auth_type": null,
            "id": "AllowS3InvokeSplitFile",
            "principal": "s3.amazonaws.com",
            "principal_org_id": null,
            "qualifier": "",
            "source_account": null,
            "source_arn": "arn:aws:s3:::recipe-automation-dev-recipes",
            "statement_id": "AllowS3InvokeSplitFile",
            "statement_id_prefix": ""
          },
          "sensitive_attributes": [],
          "private": "bnVsbA==",
          "dependencies": [
            "module.lambda.aws_lambda_function.merge_results",
            "module.lambda.aws_lambda_function.process_chunk",
            "module.lambda.aws_lambda_function.split_file",
            "module.lambda.aws_sfn_state_machine.recipe_processor",
            "module.network.aws_subnet.private",
            "module.network.aws_vpc.main",
            "module.network.data.aws_availability_zones.available",
            "module.security.aws_iam_role.lambda_role",
            "module.security.aws_iam_role.step_functions",
            "module.security.aws_security_group.lambda_sg",
            "module.storage.aws_s3_bucket.recipe_storage"
          ]
        }
      ]
    },
    {
      "module": "module.lambda",
      "mode": "managed",
      "type": "aws_lambda_permission",
      "name": "allow_s3_step_functions",
      "provider": "provider[\"registry.terraform.io/hashicorp/aws\"]",
      "instances": [
        {
          "schema_version": 0,
          "attributes": {
            "action": "lambda:InvokeFunction",
            "event_source_token": null,
            "function_name": "recipe-automation-dev-split-file",
            "function_url_auth_type": null,
            "id": "AllowS3InvokeStepFunctions",
            "principal": "s3.amazonaws.com",
            "principal_org_id": null,
            "qualifier": "",
            "source_account": null,
            "source_arn": "arn:aws:s3:::recipe-automation-dev-recipes",
            "statement_id": "AllowS3InvokeStepFunctions",
            "statement_id_prefix": ""
          },
          "sensitive_attributes": [],
          "private": "bnVsbA==",
          "dependencies": [
            "module.lambda.aws_lambda_function.merge_results",
            "module.lambda.aws_lambda_function.process_chunk",
            "module.lambda.aws_lambda_function.split_file",
            "module.lambda.aws_sfn_state_machine.recipe_processor",
            "module.network.aws_subnet.private",
            "module.network.aws_vpc.main",
            "module.network.data.aws_availability_zones.available",
            "module.security.aws_iam_role.lambda_role",
            "module.security.aws_iam_role.step_functions",
            "module.security.aws_security_group.lambda_sg",
            "module.storage.aws_s3_bucket.recipe_storage"
          ]
        }
      ]
    },
    {
      "module": "module.lambda",
      "mode": "managed",
      "type": "aws_s3_bucket_notification",
      "name": "recipe_upload",
      "provider": "provider[\"registry.terraform.io/hashicorp/aws\"]",
      "instances": [
        {
          "schema_version": 0,
          "attributes": {
            "bucket": "recipe-automation-dev-recipes",
            "eventbridge": false,
            "id": "recipe-automation-dev-recipes",
            "lambda_function": [
              {
                "events": [
                  "s3:ObjectCreated:*"
                ],
                "filter_prefix": "uploads/",
                "filter_suffix": ".json",
                "id": "tf-s3-lambda-20250223205137296500000001",
                "lambda_function_arn": "arn:aws:lambda:us-west-2:202533497212:function:recipe-automation-dev-split-file"
              }
            ],
            "queue": [],
            "topic": []
          },
          "sensitive_attributes": [],
          "private": "bnVsbA==",
          "dependencies": [
            "module.lambda.aws_lambda_function.merge_results",
            "module.lambda.aws_lambda_function.process_chunk",
            "module.lambda.aws_lambda_function.split_file",
            "module.lambda.aws_lambda_permission.allow_s3_split_file",
            "module.lambda.aws_lambda_permission.allow_s3_step_functions",
            "module.lambda.aws_sfn_state_machine.recipe_processor",
            "module.network.aws_subnet.private",
            "module.network.aws_vpc.main",
            "module.network.data.aws_availability_zones.available",
            "module.security.aws_iam_role.lambda_role",
            "module.security.aws_iam_role.step_functions",
            "module.security.aws_security_group.lambda_sg",
            "module.storage.aws_s3_bucket.recipe_storage"
          ]
        }
      ]
    },
    {
      "module": "module.lambda",
      "mode": "managed",
      "type": "aws_sfn_state_machine",
      "name": "recipe_processor",
      "provider": "provider[\"registry.terraform.io/hashicorp/aws\"]",
      "instances": [
        {
          "schema_version": 0,
          "attributes": {
            "arn": "arn:aws:states:us-west-2:202533497212:stateMachine:recipe-automation-dev-recipe-processor",
            "creation_date": "2025-02-23T20:46:24Z",
            "definition": "{\"Comment\":\"Recipe processing workflow\",\"StartAt\":\"ProcessChunks\",\"States\":{\"MergeResults\":{\"End\":true,\"Resource\":\"arn:aws:lambda:us-west-2:202533497212:function:recipe-automation-dev-merge-results\",\"Type\":\"Task\"},\"ProcessChunks\":{\"ItemsPath\":\"$.chunks\",\"Iterator\":{\"StartAt\":\"ProcessChunk\",\"States\":{\"ProcessChunk\":{\"End\":true,\"Resource\":\"arn:aws:lambda:us-west-2:202533497212:function:recipe-automation-dev-process-chunk\",\"Retry\":[{\"BackoffRate\":2,\"ErrorEquals\":[\"Lambda.TooManyRequestsException\"],\"IntervalSeconds\":1,\"MaxAttempts\":5}],\"Type\":\"Task\"}}},\"MaxConcurrency\":5,\"Next\":\"MergeResults\",\"Type\":\"Map\"}}}",
            "description": "",
            "encryption_configuration": [
              {
                "kms_data_key_reuse_period_seconds": 0,
                "kms_key_id": "",
                "type": "AWS_OWNED_KEY"
              }
            ],
            "id": "arn:aws:states:us-west-2:202533497212:stateMachine:recipe-automation-dev-recipe-processor",
            "logging_configuration": [
              {
                "include_execution_data": false,
                "level": "OFF",
                "log_destination": ""
              }
            ],
            "name": "recipe-automation-dev-recipe-processor",
            "name_prefix": "",
            "publish": false,
            "revision_id": "948b1554-27ae-4d9d-a75d-adbc02486afa",
            "role_arn": "arn:aws:iam::202533497212:role/recipe-automation-dev-step-functions",
            "state_machine_version_arn": "",
            "status": "ACTIVE",
            "tags": {
              "Environment": "dev",
              "Project": "recipe-automation",
              "Terraform": "true"
            },
            "tags_all": {
              "Environment": "dev",
              "Project": "recipe-automation",
              "Terraform": "true"
            },
            "timeouts": null,
            "tracing_configuration": [
              {
                "enabled": false
              }
            ],
            "type": "STANDARD",
            "version_description": null
          },
          "sensitive_attributes": [],
          "private": "eyJlMmJmYjczMC1lY2FhLTExZTYtOGY4OC0zNDM2M2JjN2M0YzAiOnsiY3JlYXRlIjozMDAwMDAwMDAwMDAsImRlbGV0ZSI6MzAwMDAwMDAwMDAwLCJ1cGRhdGUiOjYwMDAwMDAwMDAwfX0=",
          "dependencies": [
            "module.lambda.aws_lambda_function.merge_results",
            "module.lambda.aws_lambda_function.process_chunk",
            "module.security.aws_iam_role.step_functions"
          ]
        }
      ]
    },
    {
      "module": "module.network",
      "mode": "data",
      "type": "aws_availability_zones",
      "name": "available",
      "provider": "provider[\"registry.terraform.io/hashicorp/aws\"]",
      "instances": [
        {
          "schema_version": 0,
          "attributes": {
            "all_availability_zones": null,
            "exclude_names": null,
            "exclude_zone_ids": null,
            "filter": null,
            "group_names": [
              "us-west-2-zg-1"
            ],
            "id": "us-west-2",
            "names": [
              "us-west-2a",
              "us-west-2b",
              "us-west-2c",
              "us-west-2d"
            ],
            "state": "available",
            "timeouts": null,
            "zone_ids": [
              "usw2-az1",
              "usw2-az2",
              "usw2-az3",
              "usw2-az4"
            ]
          },
          "sensitive_attributes": []
        }
      ]
    },
    {
      "module": "module.network",
      "mode": "managed",
      "type": "aws_eip",
      "name": "nat",
      "provider": "provider[\"registry.terraform.io/hashicorp/aws\"]",
      "instances": [
        {
          "schema_version": 0,
          "attributes": {
            "address": null,
            "allocation_id": "eipalloc-017942a287cd417fb",
            "arn": "arn:aws:ec2:us-west-2:202533497212:elastic-ip/eipalloc-017942a287cd417fb",
            "associate_with_private_ip": null,
            "association_id": "eipassoc-0ea753d1e88c27751",
            "carrier_ip": "",
            "customer_owned_ip": "",
            "customer_owned_ipv4_pool": "",
            "domain": "vpc",
            "id": "eipalloc-017942a287cd417fb",
            "instance": "",
            "ipam_pool_id": null,
            "network_border_group": "us-west-2",
            "network_interface": "eni-0c940b70fce17f57d",
            "private_dns": "ip-10-0-101-207.us-west-2.compute.internal",
            "private_ip": "10.0.101.207",
            "ptr_record": "",
            "public_dns": "ec2-35-95-206-143.us-west-2.compute.amazonaws.com",
            "public_ip": "35.95.206.143",
            "public_ipv4_pool": "amazon",
            "tags": {
              "Environment": "dev",
              "Name": "recipe-automation-dev-nat-eip",
              "Project": "recipe-automation",
              "Terraform": "true"
            },
            "tags_all": {
              "Environment": "dev",
              "Name": "recipe-automation-dev-nat-eip",
              "Project": "recipe-automation",
              "Terraform": "true"
            },
            "timeouts": null,
            "vpc": true
          },
          "sensitive_attributes": [],
          "private": "eyJlMmJmYjczMC1lY2FhLTExZTYtOGY4OC0zNDM2M2JjN2M0YzAiOnsiZGVsZXRlIjoxODAwMDAwMDAwMDAsInJlYWQiOjkwMDAwMDAwMDAwMCwidXBkYXRlIjozMDAwMDAwMDAwMDB9fQ=="
        }
      ]
    },
    {
      "module": "module.network",
      "mode": "managed",
      "type": "aws_internet_gateway",
      "name": "main",
      "provider": "provider[\"registry.terraform.io/hashicorp/aws\"]",
      "instances": [
        {
          "schema_version": 0,
          "attributes": {
            "arn": "arn:aws:ec2:us-west-2:202533497212:internet-gateway/igw-01495bf05e744b9ac",
            "id": "igw-01495bf05e744b9ac",
            "owner_id": "202533497212",
            "tags": {
              "Environment": "dev",
              "Name": "recipe-automation-dev-igw",
              "Project": "recipe-automation",
              "Terraform": "true"
            },
            "tags_all": {
              "Environment": "dev",
              "Name": "recipe-automation-dev-igw",
              "Project": "recipe-automation",
              "Terraform": "true"
            },
            "timeouts": null,
            "vpc_id": "vpc-09c73b4c10e72118d"
          },
          "sensitive_attributes": [],
          "private": "eyJlMmJmYjczMC1lY2FhLTExZTYtOGY4OC0zNDM2M2JjN2M0YzAiOnsiY3JlYXRlIjoxMjAwMDAwMDAwMDAwLCJkZWxldGUiOjEyMDAwMDAwMDAwMDAsInVwZGF0ZSI6MTIwMDAwMDAwMDAwMH19",
          "dependencies": [
            "module.network.aws_vpc.main"
          ]
        }
      ]
    },
    {
      "module": "module.network",
      "mode": "managed",
      "type": "aws_nat_gateway",
      "name": "main",
      "provider": "provider[\"registry.terraform.io/hashicorp/aws\"]",
      "instances": [
        {
          "schema_version": 0,
          "attributes": {
            "allocation_id": "eipalloc-017942a287cd417fb",
            "association_id": "eipassoc-0ea753d1e88c27751",
            "connectivity_type": "public",
            "id": "nat-0555e974154b1f5df",
            "network_interface_id": "eni-0c940b70fce17f57d",
            "private_ip": "10.0.101.207",
            "public_ip": "35.95.206.143",
            "secondary_allocation_ids": [],
            "secondary_private_ip_address_count": 0,
            "secondary_private_ip_addresses": [],
            "subnet_id": "subnet-0b41e4153b12c1884",
            "tags": {
              "Environment": "dev",
              "Name": "recipe-automation-dev-nat",
              "Project": "recipe-automation",
              "Terraform": "true"
            },
            "tags_all": {
              "Environment": "dev",
              "Name": "recipe-automation-dev-nat",
              "Project": "recipe-automation",
              "Terraform": "true"
            },
            "timeouts": null
          },
          "sensitive_attributes": [],
          "private": "eyJlMmJmYjczMC1lY2FhLTExZTYtOGY4OC0zNDM2M2JjN2M0YzAiOnsiY3JlYXRlIjo2MDAwMDAwMDAwMDAsImRlbGV0ZSI6MTgwMDAwMDAwMDAwMCwidXBkYXRlIjo2MDAwMDAwMDAwMDB9fQ==",
          "dependencies": [
            "module.network.aws_eip.nat",
            "module.network.aws_internet_gateway.main",
            "module.network.aws_subnet.public",
            "module.network.aws_vpc.main",
            "module.network.data.aws_availability_zones.available"
          ]
        }
      ]
    },
    {
      "module": "module.network",
      "mode": "managed",
      "type": "aws_route_table",
      "name": "private",
      "provider": "provider[\"registry.terraform.io/hashicorp/aws\"]",
      "instances": [
        {
          "schema_version": 0,
          "attributes": {
            "arn": "arn:aws:ec2:us-west-2:202533497212:route-table/rtb-08e8c767143f3ae8c",
            "id": "rtb-08e8c767143f3ae8c",
            "owner_id": "202533497212",
            "propagating_vgws": [],
            "route": [
              {
                "carrier_gateway_id": "",
                "cidr_block": "0.0.0.0/0",
                "core_network_arn": "",
                "destination_prefix_list_id": "",
                "egress_only_gateway_id": "",
                "gateway_id": "",
                "ipv6_cidr_block": "",
                "local_gateway_id": "",
                "nat_gateway_id": "nat-0555e974154b1f5df",
                "network_interface_id": "",
                "transit_gateway_id": "",
                "vpc_endpoint_id": "",
                "vpc_peering_connection_id": ""
              }
            ],
            "tags": {
              "Environment": "dev",
              "Name": "recipe-automation-dev-private-rt",
              "Project": "recipe-automation",
              "Terraform": "true"
            },
            "tags_all": {
              "Environment": "dev",
              "Name": "recipe-automation-dev-private-rt",
              "Project": "recipe-automation",
              "Terraform": "true"
            },
            "timeouts": null,
            "vpc_id": "vpc-09c73b4c10e72118d"
          },
          "sensitive_attributes": [],
          "private": "eyJlMmJmYjczMC1lY2FhLTExZTYtOGY4OC0zNDM2M2JjN2M0YzAiOnsiY3JlYXRlIjozMDAwMDAwMDAwMDAsImRlbGV0ZSI6MzAwMDAwMDAwMDAwLCJ1cGRhdGUiOjEyMDAwMDAwMDAwMH19",
          "dependencies": [
            "module.network.aws_eip.nat",
            "module.network.aws_internet_gateway.main",
            "module.network.aws_nat_gateway.main",
            "module.network.aws_subnet.public",
            "module.network.aws_vpc.main",
            "module.network.data.aws_availability_zones.available"
          ]
        }
      ]
    },
    {
      "module": "module.network",
      "mode": "managed",
      "type": "aws_route_table",
      "name": "public",
      "provider": "provider[\"registry.terraform.io/hashicorp/aws\"]",
      "instances": [
        {
          "schema_version": 0,
          "attributes": {
            "arn": "arn:aws:ec2:us-west-2:202533497212:route-table/rtb-0f7f0fd4dc512d69e",
            "id": "rtb-0f7f0fd4dc512d69e",
            "owner_id": "202533497212",
            "propagating_vgws": [],
            "route": [
              {
                "carrier_gateway_id": "",
                "cidr_block": "0.0.0.0/0",
                "core_network_arn": "",
                "destination_prefix_list_id": "",
                "egress_only_gateway_id": "",
                "gateway_id": "igw-01495bf05e744b9ac",
                "ipv6_cidr_block": "",
                "local_gateway_id": "",
                "nat_gateway_id": "",
                "network_interface_id": "",
                "transit_gateway_id": "",
                "vpc_endpoint_id": "",
                "vpc_peering_connection_id": ""
              }
            ],
            "tags": {
              "Environment": "dev",
              "Name": "recipe-automation-dev-public-rt",
              "Project": "recipe-automation",
              "Terraform": "true"
            },
            "tags_all": {
              "Environment": "dev",
              "Name": "recipe-automation-dev-public-rt",
              "Project": "recipe-automation",
              "Terraform": "true"
            },
            "timeouts": null,
            "vpc_id": "vpc-09c73b4c10e72118d"
          },
          "sensitive_attributes": [],
          "private": "eyJlMmJmYjczMC1lY2FhLTExZTYtOGY4OC0zNDM2M2JjN2M0YzAiOnsiY3JlYXRlIjozMDAwMDAwMDAwMDAsImRlbGV0ZSI6MzAwMDAwMDAwMDAwLCJ1cGRhdGUiOjEyMDAwMDAwMDAwMH19",
          "dependencies": [
            "module.network.aws_internet_gateway.main",
            "module.network.aws_vpc.main"
          ]
        }
      ]
    },
    {
      "module": "module.network",
      "mode": "managed",
      "type": "aws_route_table_association",
      "name": "private",
      "provider": "provider[\"registry.terraform.io/hashicorp/aws\"]",
      "instances": [
        {
          "index_key": 0,
          "schema_version": 0,
          "attributes": {
            "gateway_id": "",
            "id": "rtbassoc-0ed642ee7cc32a55b",
            "route_table_id": "rtb-08e8c767143f3ae8c",
            "subnet_id": "subnet-038e66f256362cef4",
            "timeouts": null
          },
          "sensitive_attributes": [],
          "private": "eyJlMmJmYjczMC1lY2FhLTExZTYtOGY4OC0zNDM2M2JjN2M0YzAiOnsiY3JlYXRlIjozMDAwMDAwMDAwMDAsImRlbGV0ZSI6MzAwMDAwMDAwMDAwLCJ1cGRhdGUiOjEyMDAwMDAwMDAwMH19",
          "dependencies": [
            "module.network.aws_eip.nat",
            "module.network.aws_internet_gateway.main",
            "module.network.aws_nat_gateway.main",
            "module.network.aws_route_table.private",
            "module.network.aws_subnet.private",
            "module.network.aws_subnet.public",
            "module.network.aws_vpc.main",
            "module.network.data.aws_availability_zones.available"
          ]
        },
        {
          "index_key": 1,
          "schema_version": 0,
          "attributes": {
            "gateway_id": "",
            "id": "rtbassoc-0ec4f46564b341886",
            "route_table_id": "rtb-08e8c767143f3ae8c",
            "subnet_id": "subnet-0f178db05016dd41c",
            "timeouts": null
          },
          "sensitive_attributes": [],
          "private": "eyJlMmJmYjczMC1lY2FhLTExZTYtOGY4OC0zNDM2M2JjN2M0YzAiOnsiY3JlYXRlIjozMDAwMDAwMDAwMDAsImRlbGV0ZSI6MzAwMDAwMDAwMDAwLCJ1cGRhdGUiOjEyMDAwMDAwMDAwMH19",
          "dependencies": [
            "module.network.aws_eip.nat",
            "module.network.aws_internet_gateway.main",
            "module.network.aws_nat_gateway.main",
            "module.network.aws_route_table.private",
            "module.network.aws_subnet.private",
            "module.network.aws_subnet.public",
            "module.network.aws_vpc.main",
            "module.network.data.aws_availability_zones.available"
          ]
        }
      ]
    },
    {
      "module": "module.network",
      "mode": "managed",
      "type": "aws_route_table_association",
      "name": "public",
      "provider": "provider[\"registry.terraform.io/hashicorp/aws\"]",
      "instances": [
        {
          "index_key": 0,
          "schema_version": 0,
          "attributes": {
            "gateway_id": "",
            "id": "rtbassoc-064ea686e5eab401d",
            "route_table_id": "rtb-0f7f0fd4dc512d69e",
            "subnet_id": "subnet-0b41e4153b12c1884",
            "timeouts": null
          },
          "sensitive_attributes": [],
          "private": "eyJlMmJmYjczMC1lY2FhLTExZTYtOGY4OC0zNDM2M2JjN2M0YzAiOnsiY3JlYXRlIjozMDAwMDAwMDAwMDAsImRlbGV0ZSI6MzAwMDAwMDAwMDAwLCJ1cGRhdGUiOjEyMDAwMDAwMDAwMH19",
          "dependencies": [
            "module.network.aws_internet_gateway.main",
            "module.network.aws_route_table.public",
            "module.network.aws_subnet.public",
            "module.network.aws_vpc.main",
            "module.network.data.aws_availability_zones.available"
          ]
        },
        {
          "index_key": 1,
          "schema_version": 0,
          "attributes": {
            "gateway_id": "",
            "id": "rtbassoc-00895cf0e1862845a",
            "route_table_id": "rtb-0f7f0fd4dc512d69e",
            "subnet_id": "subnet-07d3d01862fc7f33f",
            "timeouts": null
          },
          "sensitive_attributes": [],
          "private": "eyJlMmJmYjczMC1lY2FhLTExZTYtOGY4OC0zNDM2M2JjN2M0YzAiOnsiY3JlYXRlIjozMDAwMDAwMDAwMDAsImRlbGV0ZSI6MzAwMDAwMDAwMDAwLCJ1cGRhdGUiOjEyMDAwMDAwMDAwMH19",
          "dependencies": [
            "module.network.aws_internet_gateway.main",
            "module.network.aws_route_table.public",
            "module.network.aws_subnet.public",
            "module.network.aws_vpc.main",
            "module.network.data.aws_availability_zones.available"
          ]
        }
      ]
    },
    {
      "module": "module.network",
      "mode": "managed",
      "type": "aws_subnet",
      "name": "private",
      "provider": "provider[\"registry.terraform.io/hashicorp/aws\"]",
      "instances": [
        {
          "index_key": 0,
          "schema_version": 1,
          "attributes": {
            "arn": "arn:aws:ec2:us-west-2:202533497212:subnet/subnet-038e66f256362cef4",
            "assign_ipv6_address_on_creation": false,
            "availability_zone": "us-west-2a",
            "availability_zone_id": "usw2-az1",
            "cidr_block": "10.0.1.0/24",
            "customer_owned_ipv4_pool": "",
            "enable_dns64": false,
            "enable_lni_at_device_index": 0,
            "enable_resource_name_dns_a_record_on_launch": false,
            "enable_resource_name_dns_aaaa_record_on_launch": false,
            "id": "subnet-038e66f256362cef4",
            "ipv6_cidr_block": "",
            "ipv6_cidr_block_association_id": "",
            "ipv6_native": false,
            "map_customer_owned_ip_on_launch": false,
            "map_public_ip_on_launch": false,
            "outpost_arn": "",
            "owner_id": "202533497212",
            "private_dns_hostname_type_on_launch": "ip-name",
            "tags": {
              "Environment": "dev",
              "Name": "recipe-automation-dev-private-1",
              "Project": "recipe-automation",
              "Terraform": "true",
              "Type": "Private"
            },
            "tags_all": {
              "Environment": "dev",
              "Name": "recipe-automation-dev-private-1",
              "Project": "recipe-automation",
              "Terraform": "true",
              "Type": "Private"
            },
            "timeouts": null,
            "vpc_id": "vpc-09c73b4c10e72118d"
          },
          "sensitive_attributes": [],
          "private": "eyJlMmJmYjczMC1lY2FhLTExZTYtOGY4OC0zNDM2M2JjN2M0YzAiOnsiY3JlYXRlIjo2MDAwMDAwMDAwMDAsImRlbGV0ZSI6MTIwMDAwMDAwMDAwMH0sInNjaGVtYV92ZXJzaW9uIjoiMSJ9",
          "dependencies": [
            "module.network.aws_vpc.main",
            "module.network.data.aws_availability_zones.available"
          ]
        },
        {
          "index_key": 1,
          "schema_version": 1,
          "attributes": {
            "arn": "arn:aws:ec2:us-west-2:202533497212:subnet/subnet-0f178db05016dd41c",
            "assign_ipv6_address_on_creation": false,
            "availability_zone": "us-west-2b",
            "availability_zone_id": "usw2-az2",
            "cidr_block": "10.0.2.0/24",
            "customer_owned_ipv4_pool": "",
            "enable_dns64": false,
            "enable_lni_at_device_index": 0,
            "enable_resource_name_dns_a_record_on_launch": false,
            "enable_resource_name_dns_aaaa_record_on_launch": false,
            "id": "subnet-0f178db05016dd41c",
            "ipv6_cidr_block": "",
            "ipv6_cidr_block_association_id": "",
            "ipv6_native": false,
            "map_customer_owned_ip_on_launch": false,
            "map_public_ip_on_launch": false,
            "outpost_arn": "",
            "owner_id": "202533497212",
            "private_dns_hostname_type_on_launch": "ip-name",
            "tags": {
              "Environment": "dev",
              "Name": "recipe-automation-dev-private-2",
              "Project": "recipe-automation",
              "Terraform": "true",
              "Type": "Private"
            },
            "tags_all": {
              "Environment": "dev",
              "Name": "recipe-automation-dev-private-2",
              "Project": "recipe-automation",
              "Terraform": "true",
              "Type": "Private"
            },
            "timeouts": null,
            "vpc_id": "vpc-09c73b4c10e72118d"
          },
          "sensitive_attributes": [],
          "private": "eyJlMmJmYjczMC1lY2FhLTExZTYtOGY4OC0zNDM2M2JjN2M0YzAiOnsiY3JlYXRlIjo2MDAwMDAwMDAwMDAsImRlbGV0ZSI6MTIwMDAwMDAwMDAwMH0sInNjaGVtYV92ZXJzaW9uIjoiMSJ9",
          "dependencies": [
            "module.network.aws_vpc.main",
            "module.network.data.aws_availability_zones.available"
          ]
        }
      ]
    },
    {
      "module": "module.network",
      "mode": "managed",
      "type": "aws_subnet",
      "name": "public",
      "provider": "provider[\"registry.terraform.io/hashicorp/aws\"]",
      "instances": [
        {
          "index_key": 0,
          "schema_version": 1,
          "attributes": {
            "arn": "arn:aws:ec2:us-west-2:202533497212:subnet/subnet-0b41e4153b12c1884",
            "assign_ipv6_address_on_creation": false,
            "availability_zone": "us-west-2a",
            "availability_zone_id": "usw2-az1",
            "cidr_block": "10.0.101.0/24",
            "customer_owned_ipv4_pool": "",
            "enable_dns64": false,
            "enable_lni_at_device_index": 0,
            "enable_resource_name_dns_a_record_on_launch": false,
            "enable_resource_name_dns_aaaa_record_on_launch": false,
            "id": "subnet-0b41e4153b12c1884",
            "ipv6_cidr_block": "",
            "ipv6_cidr_block_association_id": "",
            "ipv6_native": false,
            "map_customer_owned_ip_on_launch": false,
            "map_public_ip_on_launch": true,
            "outpost_arn": "",
            "owner_id": "202533497212",
            "private_dns_hostname_type_on_launch": "ip-name",
            "tags": {
              "Environment": "dev",
              "Name": "recipe-automation-dev-public-1",
              "Project": "recipe-automation",
              "Terraform": "true",
              "Type": "Public"
            },
            "tags_all": {
              "Environment": "dev",
              "Name": "recipe-automation-dev-public-1",
              "Project": "recipe-automation",
              "Terraform": "true",
              "Type": "Public"
            },
            "timeouts": null,
            "vpc_id": "vpc-09c73b4c10e72118d"
          },
          "sensitive_attributes": [],
          "private": "eyJlMmJmYjczMC1lY2FhLTExZTYtOGY4OC0zNDM2M2JjN2M0YzAiOnsiY3JlYXRlIjo2MDAwMDAwMDAwMDAsImRlbGV0ZSI6MTIwMDAwMDAwMDAwMH0sInNjaGVtYV92ZXJzaW9uIjoiMSJ9",
          "dependencies": [
            "module.network.aws_vpc.main",
            "module.network.data.aws_availability_zones.available"
          ]
        },
        {
          "index_key": 1,
          "schema_version": 1,
          "attributes": {
            "arn": "arn:aws:ec2:us-west-2:202533497212:subnet/subnet-07d3d01862fc7f33f",
            "assign_ipv6_address_on_creation": false,
            "availability_zone": "us-west-2b",
            "availability_zone_id": "usw2-az2",
            "cidr_block": "10.0.102.0/24",
            "customer_owned_ipv4_pool": "",
            "enable_dns64": false,
            "enable_lni_at_device_index": 0,
            "enable_resource_name_dns_a_record_on_launch": false,
            "enable_resource_name_dns_aaaa_record_on_launch": false,
            "id": "subnet-07d3d01862fc7f33f",
            "ipv6_cidr_block": "",
            "ipv6_cidr_block_association_id": "",
            "ipv6_native": false,
            "map_customer_owned_ip_on_launch": false,
            "map_public_ip_on_launch": true,
            "outpost_arn": "",
            "owner_id": "202533497212",
            "private_dns_hostname_type_on_launch": "ip-name",
            "tags": {
              "Environment": "dev",
              "Name": "recipe-automation-dev-public-2",
              "Project": "recipe-automation",
              "Terraform": "true",
              "Type": "Public"
            },
            "tags_all": {
              "Environment": "dev",
              "Name": "recipe-automation-dev-public-2",
              "Project": "recipe-automation",
              "Terraform": "true",
              "Type": "Public"
            },
            "timeouts": null,
            "vpc_id": "vpc-09c73b4c10e72118d"
          },
          "sensitive_attributes": [],
          "private": "eyJlMmJmYjczMC1lY2FhLTExZTYtOGY4OC0zNDM2M2JjN2M0YzAiOnsiY3JlYXRlIjo2MDAwMDAwMDAwMDAsImRlbGV0ZSI6MTIwMDAwMDAwMDAwMH0sInNjaGVtYV92ZXJzaW9uIjoiMSJ9",
          "dependencies": [
            "module.network.aws_vpc.main",
            "module.network.data.aws_availability_zones.available"
          ]
        }
      ]
    },
    {
      "module": "module.network",
      "mode": "managed",
      "type": "aws_vpc",
      "name": "main",
      "provider": "provider[\"registry.terraform.io/hashicorp/aws\"]",
      "instances": [
        {
          "schema_version": 1,
          "attributes": {
            "arn": "arn:aws:ec2:us-west-2:202533497212:vpc/vpc-09c73b4c10e72118d",
            "assign_generated_ipv6_cidr_block": false,
            "cidr_block": "10.0.0.0/16",
            "default_network_acl_id": "acl-06aaeb57e76e324b0",
            "default_route_table_id": "rtb-082e98de9e16c3766",
            "default_security_group_id": "sg-05f86c5d6bd38c902",
            "dhcp_options_id": "dopt-0d012a27545e7a58f",
            "enable_dns_hostnames": true,
            "enable_dns_support": true,
            "enable_network_address_usage_metrics": false,
            "id": "vpc-09c73b4c10e72118d",
            "instance_tenancy": "default",
            "ipv4_ipam_pool_id": null,
            "ipv4_netmask_length": null,
            "ipv6_association_id": "",
            "ipv6_cidr_block": "",
            "ipv6_cidr_block_network_border_group": "",
            "ipv6_ipam_pool_id": "",
            "ipv6_netmask_length": 0,
            "main_route_table_id": "rtb-082e98de9e16c3766",
            "owner_id": "202533497212",
            "tags": {
              "Environment": "dev",
              "Name": "recipe-automation-dev-vpc",
              "Project": "recipe-automation",
              "Terraform": "true"
            },
            "tags_all": {
              "Environment": "dev",
              "Name": "recipe-automation-dev-vpc",
              "Project": "recipe-automation",
              "Terraform": "true"
            }
          },
          "sensitive_attributes": [],
          "private": "eyJzY2hlbWFfdmVyc2lvbiI6IjEifQ=="
        }
      ]
    },
    {
      "module": "module.security",
      "mode": "managed",
      "type": "aws_iam_role",
      "name": "lambda_role",
      "provider": "provider[\"registry.terraform.io/hashicorp/aws\"]",
      "instances": [
        {
          "schema_version": 0,
          "attributes": {
            "arn": "arn:aws:iam::202533497212:role/recipe-automation-dev-lambda-role",
            "assume_role_policy": "{\"Statement\":[{\"Action\":\"sts:AssumeRole\",\"Effect\":\"Allow\",\"Principal\":{\"Service\":\"lambda.amazonaws.com\"}}],\"Version\":\"2012-10-17\"}",
            "create_date": "2025-02-23T18:29:22Z",
            "description": "",
            "force_detach_policies": false,
            "id": "recipe-automation-dev-lambda-role",
            "inline_policy": [
              {
                "name": "recipe-automation-dev-lambda-cloudwatch",
                "policy": "{\"Version\":\"2012-10-17\",\"Statement\":[{\"Action\":[\"logs:CreateLogGroup\",\"logs:CreateLogStream\",\"logs:PutLogEvents\"],\"Effect\":\"Allow\",\"Resource\":[\"arn:aws:logs:us-west-2:202533497212:log-group:/aws/lambda/recipe-automation-dev-*:*\"]}]}"
              },
              {
                "name": "recipe-automation-dev-lambda-logs-policy",
                "policy": "{\"Version\":\"2012-10-17\",\"Statement\":[{\"Action\":[\"logs:CreateLogGroup\",\"logs:CreateLogStream\",\"logs:PutLogEvents\"],\"Effect\":\"Allow\",\"Resource\":[\"arn:aws:logs:*:*:*\"]}]}"
              },
              {
                "name": "recipe-automation-dev-lambda-s3-policy",
                "policy": "{\"Version\":\"2012-10-17\",\"Statement\":[{\"Action\":[\"s3:GetObject\",\"s3:PutObject\",\"s3:ListBucket\",\"s3:DeleteObject\"],\"Effect\":\"Allow\",\"Resource\":[\"arn:aws:s3:::recipe-automation-dev-recipes\",\"arn:aws:s3:::recipe-automation-dev-recipes/*\",\"arn:aws:s3:::recipe-automation-dev-archives\",\"arn:aws:s3:::recipe-automation-dev-archives/*\",\"arn:aws:s3:::recipe-automation-dev-distribution\",\"arn:aws:s3:::recipe-automation-dev-distribution/*\"]}]}"
              },
              {
                "name": "recipe-automation-dev-lambda-step-functions",
                "policy": "{\"Version\":\"2012-10-17\",\"Statement\":[{\"Action\":[\"states:StartExecution\"],\"Effect\":\"Allow\",\"Resource\":[\"arn:aws:states:us-west-2:202533497212:stateMachine:recipe-automation-dev-recipe-processor\"]}]}"
              }
            ],
            "managed_policy_arns": [
              "arn:aws:iam::aws:policy/service-role/AWSLambdaBasicExecutionRole",
              "arn:aws:iam::aws:policy/service-role/AWSLambdaVPCAccessExecutionRole"
            ],
            "max_session_duration": 3600,
            "name": "recipe-automation-dev-lambda-role",
            "name_prefix": "",
            "path": "/",
            "permissions_boundary": "",
            "tags": {
              "Environment": "dev",
              "Project": "recipe-automation",
              "Terraform": "true"
            },
            "tags_all": {
              "Environment": "dev",
              "Project": "recipe-automation",
              "Terraform": "true"
            },
            "unique_id": "AROAS6J7P5F6N5DOV7I5X"
          },
          "sensitive_attributes": [],
          "private": "bnVsbA=="
        }
      ]
    },
    {
      "module": "module.security",
      "mode": "managed",
      "type": "aws_iam_role",
      "name": "step_functions",
      "provider": "provider[\"registry.terraform.io/hashicorp/aws\"]",
      "instances": [
        {
          "schema_version": 0,
          "attributes": {
            "arn": "arn:aws:iam::202533497212:role/recipe-automation-dev-step-functions",
            "assume_role_policy": "{\"Statement\":[{\"Action\":\"sts:AssumeRole\",\"Effect\":\"Allow\",\"Principal\":{\"Service\":\"states.amazonaws.com\"}}],\"Version\":\"2012-10-17\"}",
            "create_date": "2025-02-23T20:11:00Z",
            "description": "",
            "force_detach_policies": false,
            "id": "recipe-automation-dev-step-functions",
            "inline_policy": [
              {
                "name": "recipe-automation-dev-step-functions",
                "policy": "{\"Version\":\"2012-10-17\",\"Statement\":[{\"Action\":[\"lambda:InvokeFunction\"],\"Effect\":\"Allow\",\"Resource\":[\"arn:aws:lambda:us-west-2:202533497212:function:recipe-automation-dev-split-file\",\"arn:aws:lambda:us-west-2:202533497212:function:recipe-automation-dev-process-chunk\",\"arn:aws:lambda:us-west-2:202533497212:function:recipe-automation-dev-merge-results\"]}]}"
              }
            ],
            "managed_policy_arns": [],
            "max_session_duration": 3600,
            "name": "recipe-automation-dev-step-functions",
            "name_prefix": "",
            "path": "/",
            "permissions_boundary": "",
            "tags": {
              "Environment": "dev",
              "Project": "recipe-automation",
              "Terraform": "true"
            },
            "tags_all": {
              "Environment": "dev",
              "Project": "recipe-automation",
              "Terraform": "true"
            },
            "unique_id": "AROAS6J7P5F6LCJXYC6AW"
          },
          "sensitive_attributes": [],
          "private": "bnVsbA=="
        }
      ]
    },
    {
      "module": "module.security",
      "mode": "managed",
      "type": "aws_iam_role_policy",
      "name": "lambda_cloudwatch",
      "provider": "provider[\"registry.terraform.io/hashicorp/aws\"]",
      "instances": [
        {
          "schema_version": 0,
          "attributes": {
            "id": "recipe-automation-dev-lambda-role:recipe-automation-dev-lambda-cloudwatch",
            "name": "recipe-automation-dev-lambda-cloudwatch",
            "name_prefix": "",
            "policy": "{\"Version\":\"2012-10-17\",\"Statement\":[{\"Action\":[\"logs:CreateLogGroup\",\"logs:CreateLogStream\",\"logs:PutLogEvents\"],\"Effect\":\"Allow\",\"Resource\":[\"arn:aws:logs:us-west-2:202533497212:log-group:/aws/lambda/recipe-automation-dev-*:*\"]}]}",
            "role": "recipe-automation-dev-lambda-role"
          },
          "sensitive_attributes": [],
          "private": "bnVsbA==",
          "dependencies": [
            "module.security.aws_iam_role.lambda_role"
          ]
        }
      ]
    },
    {
      "module": "module.security",
      "mode": "managed",
      "type": "aws_iam_role_policy",
      "name": "lambda_logs_policy",
      "provider": "provider[\"registry.terraform.io/hashicorp/aws\"]",
      "instances": [
        {
          "schema_version": 0,
          "attributes": {
            "id": "recipe-automation-dev-lambda-role:recipe-automation-dev-lambda-logs-policy",
            "name": "recipe-automation-dev-lambda-logs-policy",
            "name_prefix": "",
            "policy": "{\"Version\":\"2012-10-17\",\"Statement\":[{\"Action\":[\"logs:CreateLogGroup\",\"logs:CreateLogStream\",\"logs:PutLogEvents\"],\"Effect\":\"Allow\",\"Resource\":[\"arn:aws:logs:*:*:*\"]}]}",
            "role": "recipe-automation-dev-lambda-role"
          },
          "sensitive_attributes": [],
          "private": "bnVsbA==",
          "dependencies": [
            "module.security.aws_iam_role.lambda_role"
          ]
        }
      ]
    },
    {
      "module": "module.security",
      "mode": "managed",
      "type": "aws_iam_role_policy",
      "name": "lambda_s3_policy",
      "provider": "provider[\"registry.terraform.io/hashicorp/aws\"]",
      "instances": [
        {
          "schema_version": 0,
          "attributes": {
            "id": "recipe-automation-dev-lambda-role:recipe-automation-dev-lambda-s3-policy",
            "name": "recipe-automation-dev-lambda-s3-policy",
            "name_prefix": "",
            "policy": "{\"Version\":\"2012-10-17\",\"Statement\":[{\"Action\":[\"s3:GetObject\",\"s3:PutObject\",\"s3:ListBucket\",\"s3:DeleteObject\"],\"Effect\":\"Allow\",\"Resource\":[\"arn:aws:s3:::recipe-automation-dev-recipes\",\"arn:aws:s3:::recipe-automation-dev-recipes/*\",\"arn:aws:s3:::recipe-automation-dev-archives\",\"arn:aws:s3:::recipe-automation-dev-archives/*\",\"arn:aws:s3:::recipe-automation-dev-distribution\",\"arn:aws:s3:::recipe-automation-dev-distribution/*\"]}]}",
            "role": "recipe-automation-dev-lambda-role"
          },
          "sensitive_attributes": [],
          "private": "bnVsbA==",
          "dependencies": [
            "module.security.aws_iam_role.lambda_role",
            "module.storage.aws_s3_bucket.archive_storage",
            "module.storage.aws_s3_bucket.distribution",
            "module.storage.aws_s3_bucket.recipe_storage"
          ]
        }
      ]
    },
    {
      "module": "module.security",
      "mode": "managed",
      "type": "aws_iam_role_policy",
      "name": "lambda_step_functions",
      "provider": "provider[\"registry.terraform.io/hashicorp/aws\"]",
      "instances": [
        {
          "schema_version": 0,
          "attributes": {
            "id": "recipe-automation-dev-lambda-role:recipe-automation-dev-lambda-step-functions",
            "name": "recipe-automation-dev-lambda-step-functions",
            "name_prefix": "",
            "policy": "{\"Version\":\"2012-10-17\",\"Statement\":[{\"Action\":[\"states:StartExecution\"],\"Effect\":\"Allow\",\"Resource\":[\"arn:aws:states:us-west-2:202533497212:stateMachine:recipe-automation-dev-recipe-processor\"]}]}",
            "role": "recipe-automation-dev-lambda-role"
          },
          "sensitive_attributes": [],
          "private": "bnVsbA==",
          "dependencies": [
            "module.security.aws_iam_role.lambda_role"
          ]
        }
      ]
    },
    {
      "module": "module.security",
      "mode": "managed",
      "type": "aws_iam_role_policy",
      "name": "step_functions",
      "provider": "provider[\"registry.terraform.io/hashicorp/aws\"]",
      "instances": [
        {
          "schema_version": 0,
          "attributes": {
            "id": "recipe-automation-dev-step-functions:recipe-automation-dev-step-functions",
            "name": "recipe-automation-dev-step-functions",
            "name_prefix": "",
            "policy": "{\"Version\":\"2012-10-17\",\"Statement\":[{\"Action\":[\"lambda:InvokeFunction\"],\"Effect\":\"Allow\",\"Resource\":[\"arn:aws:lambda:us-west-2:202533497212:function:recipe-automation-dev-split-file\",\"arn:aws:lambda:us-west-2:202533497212:function:recipe-automation-dev-process-chunk\",\"arn:aws:lambda:us-west-2:202533497212:function:recipe-automation-dev-merge-results\"]}]}",
            "role": "recipe-automation-dev-step-functions"
          },
          "sensitive_attributes": [],
          "private": "bnVsbA==",
          "dependencies": [
            "module.lambda.aws_lambda_function.merge_results",
            "module.lambda.aws_lambda_function.process_chunk",
            "module.lambda.aws_lambda_function.split_file",
            "module.lambda.aws_sfn_state_machine.recipe_processor",
            "module.network.aws_subnet.private",
            "module.network.aws_vpc.main",
            "module.network.data.aws_availability_zones.available",
            "module.security.aws_iam_role.lambda_role",
            "module.security.aws_iam_role.step_functions",
            "module.security.aws_security_group.lambda_sg"
          ]
        }
      ]
    },
    {
      "module": "module.security",
      "mode": "managed",
      "type": "aws_iam_role_policy_attachment",
      "name": "lambda_basic",
      "provider": "provider[\"registry.terraform.io/hashicorp/aws\"]",
      "instances": [
        {
          "schema_version": 0,
          "attributes": {
            "id": "recipe-automation-dev-lambda-role-20250223182923196700000002",
            "policy_arn": "arn:aws:iam::aws:policy/service-role/AWSLambdaBasicExecutionRole",
            "role": "recipe-automation-dev-lambda-role"
          },
          "sensitive_attributes": [],
          "private": "bnVsbA==",
          "dependencies": [
            "module.security.aws_iam_role.lambda_role"
          ]
        }
      ]
    },
    {
      "module": "module.security",
      "mode": "managed",
      "type": "aws_iam_role_policy_attachment",
      "name": "lambda_vpc",
      "provider": "provider[\"registry.terraform.io/hashicorp/aws\"]",
      "instances": [
        {
          "schema_version": 0,
          "attributes": {
            "id": "recipe-automation-dev-lambda-role-20250223182923000200000001",
            "policy_arn": "arn:aws:iam::aws:policy/service-role/AWSLambdaVPCAccessExecutionRole",
            "role": "recipe-automation-dev-lambda-role"
          },
          "sensitive_attributes": [],
          "private": "bnVsbA==",
          "dependencies": [
            "module.security.aws_iam_role.lambda_role"
          ]
        }
      ]
    },
    {
      "module": "module.security",
      "mode": "managed",
      "type": "aws_kms_alias",
      "name": "recipe_key_alias",
      "provider": "provider[\"registry.terraform.io/hashicorp/aws\"]",
      "instances": [
        {
          "schema_version": 0,
          "attributes": {
            "arn": "arn:aws:kms:us-west-2:202533497212:alias/recipe-automation-dev-recipe-key",
            "id": "alias/recipe-automation-dev-recipe-key",
            "name": "alias/recipe-automation-dev-recipe-key",
            "name_prefix": "",
            "target_key_arn": "arn:aws:kms:us-west-2:202533497212:key/136937d7-a4ef-443d-89f8-a6c50f2d1ac8",
            "target_key_id": "136937d7-a4ef-443d-89f8-a6c50f2d1ac8"
          },
          "sensitive_attributes": [],
          "private": "bnVsbA==",
          "dependencies": [
            "module.security.aws_kms_key.recipe_key"
          ]
        }
      ]
    },
    {
      "module": "module.security",
      "mode": "managed",
      "type": "aws_kms_key",
      "name": "recipe_key",
      "provider": "provider[\"registry.terraform.io/hashicorp/aws\"]",
      "instances": [
        {
          "schema_version": 0,
          "attributes": {
            "arn": "arn:aws:kms:us-west-2:202533497212:key/136937d7-a4ef-443d-89f8-a6c50f2d1ac8",
            "bypass_policy_lockout_safety_check": false,
            "custom_key_store_id": "",
            "customer_master_key_spec": "SYMMETRIC_DEFAULT",
            "deletion_window_in_days": 7,
            "description": "KMS key for recipe encryption",
            "enable_key_rotation": true,
            "id": "136937d7-a4ef-443d-89f8-a6c50f2d1ac8",
            "is_enabled": true,
            "key_id": "136937d7-a4ef-443d-89f8-a6c50f2d1ac8",
            "key_usage": "ENCRYPT_DECRYPT",
            "multi_region": false,
            "policy": "{\"Id\":\"key-default-1\",\"Statement\":[{\"Action\":\"kms:*\",\"Effect\":\"Allow\",\"Principal\":{\"AWS\":\"arn:aws:iam::202533497212:root\"},\"Resource\":\"*\",\"Sid\":\"Enable IAM User Permissions\"}],\"Version\":\"2012-10-17\"}",
            "rotation_period_in_days": 365,
            "tags": {
              "Environment": "dev",
              "Name": "recipe-automation-dev-recipe-key",
              "Project": "recipe-automation",
              "Terraform": "true"
            },
            "tags_all": {
              "Environment": "dev",
              "Name": "recipe-automation-dev-recipe-key",
              "Project": "recipe-automation",
              "Terraform": "true"
            },
            "timeouts": null,
            "xks_key_id": ""
          },
          "sensitive_attributes": [],
          "private": "eyJlMmJmYjczMC1lY2FhLTExZTYtOGY4OC0zNDM2M2JjN2M0YzAiOnsiY3JlYXRlIjoxMjAwMDAwMDAwMDB9fQ=="
        }
      ]
    },
    {
      "module": "module.security",
      "mode": "managed",
      "type": "aws_security_group",
      "name": "lambda_sg",
      "provider": "provider[\"registry.terraform.io/hashicorp/aws\"]",
      "instances": [
        {
          "schema_version": 1,
          "attributes": {
            "arn": "arn:aws:ec2:us-west-2:202533497212:security-group/sg-0cad38c53e9bb85e1",
            "description": "Security group for Lambda functions",
            "egress": [
              {
                "cidr_blocks": [
                  "0.0.0.0/0"
                ],
                "description": "",
                "from_port": 0,
                "ipv6_cidr_blocks": [],
                "prefix_list_ids": [],
                "protocol": "-1",
                "security_groups": [],
                "self": false,
                "to_port": 0
              }
            ],
            "id": "sg-0cad38c53e9bb85e1",
            "ingress": [],
            "name": "recipe-automation-dev-lambda-sg",
            "name_prefix": "",
            "owner_id": "202533497212",
            "revoke_rules_on_delete": false,
            "tags": {
              "Environment": "dev",
              "Name": "recipe-automation-dev-lambda-sg",
              "Project": "recipe-automation",
              "Terraform": "true"
            },
            "tags_all": {
              "Environment": "dev",
              "Name": "recipe-automation-dev-lambda-sg",
              "Project": "recipe-automation",
              "Terraform": "true"
            },
            "timeouts": null,
            "vpc_id": "vpc-09c73b4c10e72118d"
          },
          "sensitive_attributes": [],
          "private": "eyJlMmJmYjczMC1lY2FhLTExZTYtOGY4OC0zNDM2M2JjN2M0YzAiOnsiY3JlYXRlIjo2MDAwMDAwMDAwMDAsImRlbGV0ZSI6OTAwMDAwMDAwMDAwfSwic2NoZW1hX3ZlcnNpb24iOiIxIn0=",
          "dependencies": [
            "module.network.aws_vpc.main"
          ]
        }
      ]
    },
    {
      "module": "module.storage",
      "mode": "managed",
      "type": "aws_s3_bucket",
      "name": "archive_storage",
      "provider": "provider[\"registry.terraform.io/hashicorp/aws\"]",
      "instances": [
        {
          "schema_version": 0,
          "attributes": {
            "acceleration_status": "",
            "acl": null,
            "arn": "arn:aws:s3:::recipe-automation-dev-archives",
            "bucket": "recipe-automation-dev-archives",
            "bucket_domain_name": "recipe-automation-dev-archives.s3.amazonaws.com",
            "bucket_prefix": "",
            "bucket_regional_domain_name": "recipe-automation-dev-archives.s3.us-west-2.amazonaws.com",
            "cors_rule": [],
            "force_destroy": false,
            "grant": [
              {
                "id": "f34be6c24d01b241dca457fe2a0c221e874122eb5243ecb670023080afb5efd4",
                "permissions": [
                  "FULL_CONTROL"
                ],
                "type": "CanonicalUser",
                "uri": ""
              }
            ],
            "hosted_zone_id": "Z3BJ6K6RIION7M",
            "id": "recipe-automation-dev-archives",
            "lifecycle_rule": [],
            "logging": [],
            "object_lock_configuration": [],
            "object_lock_enabled": false,
            "policy": "",
            "region": "us-west-2",
            "replication_configuration": [],
            "request_payer": "BucketOwner",
            "server_side_encryption_configuration": [
              {
                "rule": [
                  {
                    "apply_server_side_encryption_by_default": [
                      {
                        "kms_master_key_id": "",
                        "sse_algorithm": "AES256"
                      }
                    ],
                    "bucket_key_enabled": false
                  }
                ]
              }
            ],
            "tags": {
              "Environment": "dev",
              "Name": "recipe-automation-dev-archives",
              "Project": "recipe-automation",
              "Terraform": "true"
            },
            "tags_all": {
              "Environment": "dev",
              "Name": "recipe-automation-dev-archives",
              "Project": "recipe-automation",
              "Terraform": "true"
            },
            "timeouts": null,
            "versioning": [
              {
                "enabled": false,
                "mfa_delete": false
              }
            ],
            "website": [],
            "website_domain": null,
            "website_endpoint": null
          },
          "sensitive_attributes": [],
          "private": "eyJlMmJmYjczMC1lY2FhLTExZTYtOGY4OC0zNDM2M2JjN2M0YzAiOnsiY3JlYXRlIjoxMjAwMDAwMDAwMDAwLCJkZWxldGUiOjM2MDAwMDAwMDAwMDAsInJlYWQiOjEyMDAwMDAwMDAwMDAsInVwZGF0ZSI6MTIwMDAwMDAwMDAwMH19"
        }
      ]
    },
    {
      "module": "module.storage",
      "mode": "managed",
      "type": "aws_s3_bucket",
      "name": "distribution",
      "provider": "provider[\"registry.terraform.io/hashicorp/aws\"]",
      "instances": [
        {
          "schema_version": 0,
          "attributes": {
            "acceleration_status": "",
            "acl": null,
            "arn": "arn:aws:s3:::recipe-automation-dev-distribution",
            "bucket": "recipe-automation-dev-distribution",
            "bucket_domain_name": "recipe-automation-dev-distribution.s3.amazonaws.com",
            "bucket_prefix": "",
            "bucket_regional_domain_name": "recipe-automation-dev-distribution.s3.us-west-2.amazonaws.com",
            "cors_rule": [],
            "force_destroy": false,
            "grant": [
              {
                "id": "f34be6c24d01b241dca457fe2a0c221e874122eb5243ecb670023080afb5efd4",
                "permissions": [
                  "FULL_CONTROL"
                ],
                "type": "CanonicalUser",
                "uri": ""
              }
            ],
            "hosted_zone_id": "Z3BJ6K6RIION7M",
            "id": "recipe-automation-dev-distribution",
            "lifecycle_rule": [],
            "logging": [],
            "object_lock_configuration": [],
            "object_lock_enabled": false,
            "policy": "",
            "region": "us-west-2",
            "replication_configuration": [],
            "request_payer": "BucketOwner",
            "server_side_encryption_configuration": [
              {
                "rule": [
                  {
                    "apply_server_side_encryption_by_default": [
                      {
                        "kms_master_key_id": "",
                        "sse_algorithm": "AES256"
                      }
                    ],
                    "bucket_key_enabled": false
                  }
                ]
              }
            ],
            "tags": {
              "Environment": "dev",
              "Name": "recipe-automation-dev-distribution",
              "Project": "recipe-automation",
              "Terraform": "true"
            },
            "tags_all": {
              "Environment": "dev",
              "Name": "recipe-automation-dev-distribution",
              "Project": "recipe-automation",
              "Terraform": "true"
            },
            "timeouts": null,
            "versioning": [
              {
                "enabled": false,
                "mfa_delete": false
              }
            ],
            "website": [],
            "website_domain": null,
            "website_endpoint": null
          },
          "sensitive_attributes": [],
          "private": "eyJlMmJmYjczMC1lY2FhLTExZTYtOGY4OC0zNDM2M2JjN2M0YzAiOnsiY3JlYXRlIjoxMjAwMDAwMDAwMDAwLCJkZWxldGUiOjM2MDAwMDAwMDAwMDAsInJlYWQiOjEyMDAwMDAwMDAwMDAsInVwZGF0ZSI6MTIwMDAwMDAwMDAwMH19"
        }
      ]
    },
    {
      "module": "module.storage",
      "mode": "managed",
      "type": "aws_s3_bucket",
      "name": "recipe_storage",
      "provider": "provider[\"registry.terraform.io/hashicorp/aws\"]",
      "instances": [
        {
          "schema_version": 0,
          "attributes": {
            "acceleration_status": "",
            "acl": null,
            "arn": "arn:aws:s3:::recipe-automation-dev-recipes",
            "bucket": "recipe-automation-dev-recipes",
            "bucket_domain_name": "recipe-automation-dev-recipes.s3.amazonaws.com",
            "bucket_prefix": "",
            "bucket_regional_domain_name": "recipe-automation-dev-recipes.s3.us-west-2.amazonaws.com",
            "cors_rule": [],
            "force_destroy": true,
            "grant": [
              {
                "id": "f34be6c24d01b241dca457fe2a0c221e874122eb5243ecb670023080afb5efd4",
                "permissions": [
                  "FULL_CONTROL"
                ],
                "type": "CanonicalUser",
                "uri": ""
              }
            ],
            "hosted_zone_id": "Z3BJ6K6RIION7M",
            "id": "recipe-automation-dev-recipes",
            "lifecycle_rule": [],
            "logging": [],
            "object_lock_configuration": [],
            "object_lock_enabled": false,
            "policy": "",
            "region": "us-west-2",
            "replication_configuration": [],
            "request_payer": "BucketOwner",
            "server_side_encryption_configuration": [
              {
                "rule": [
                  {
                    "apply_server_side_encryption_by_default": [
                      {
                        "kms_master_key_id": "",
                        "sse_algorithm": "AES256"
                      }
                    ],
                    "bucket_key_enabled": false
                  }
                ]
              }
            ],
            "tags": {
              "Environment": "dev",
              "Name": "recipe-automation-dev-recipes",
              "Project": "recipe-automation",
              "Terraform": "true"
            },
            "tags_all": {
              "Environment": "dev",
              "Name": "recipe-automation-dev-recipes",
              "Project": "recipe-automation",
              "Terraform": "true"
            },
            "timeouts": null,
            "versioning": [
              {
                "enabled": true,
                "mfa_delete": false
              }
            ],
            "website": [],
            "website_domain": null,
            "website_endpoint": null
          },
          "sensitive_attributes": [],
          "private": "eyJlMmJmYjczMC1lY2FhLTExZTYtOGY4OC0zNDM2M2JjN2M0YzAiOnsiY3JlYXRlIjoxMjAwMDAwMDAwMDAwLCJkZWxldGUiOjM2MDAwMDAwMDAwMDAsInJlYWQiOjEyMDAwMDAwMDAwMDAsInVwZGF0ZSI6MTIwMDAwMDAwMDAwMH19"
        }
      ]
    },
    {
      "module": "module.storage",
      "mode": "managed",
      "type": "aws_s3_bucket_server_side_encryption_configuration",
      "name": "recipe_encryption",
      "provider": "provider[\"registry.terraform.io/hashicorp/aws\"]",
      "instances": [
        {
          "schema_version": 0,
          "attributes": {
            "bucket": "recipe-automation-dev-recipes",
            "expected_bucket_owner": "",
            "id": "recipe-automation-dev-recipes",
            "rule": [
              {
                "apply_server_side_encryption_by_default": [
                  {
                    "kms_master_key_id": "",
                    "sse_algorithm": "AES256"
                  }
                ],
                "bucket_key_enabled": false
              }
            ]
          },
          "sensitive_attributes": [],
          "private": "bnVsbA==",
          "dependencies": [
            "module.storage.aws_s3_bucket.recipe_storage"
          ]
        }
      ]
    },
    {
      "module": "module.storage",
      "mode": "managed",
      "type": "aws_s3_bucket_versioning",
      "name": "recipe_storage",
      "provider": "provider[\"registry.terraform.io/hashicorp/aws\"]",
      "instances": [
        {
          "schema_version": 0,
          "attributes": {
            "bucket": "recipe-automation-dev-recipes",
            "expected_bucket_owner": "",
            "id": "recipe-automation-dev-recipes",
            "mfa": null,
            "versioning_configuration": [
              {
                "mfa_delete": "",
                "status": "Enabled"
              }
            ]
          },
          "sensitive_attributes": [],
          "private": "bnVsbA==",
          "dependencies": [
            "module.storage.aws_s3_bucket.recipe_storage"
          ]
        }
      ]
    },
    {
      "module": "module.storage",
      "mode": "managed",
      "type": "aws_s3_object",
      "name": "archive",
      "provider": "provider[\"registry.terraform.io/hashicorp/aws\"]",
      "instances": [
        {
          "schema_version": 0,
          "attributes": {
            "acl": null,
            "arn": "arn:aws:s3:::recipe-automation-dev-recipes/archive/",
            "bucket": "recipe-automation-dev-recipes",
            "bucket_key_enabled": false,
            "cache_control": "",
            "checksum_algorithm": null,
            "checksum_crc32": "",
            "checksum_crc32c": "",
            "checksum_sha1": "",
            "checksum_sha256": "",
            "content": null,
            "content_base64": null,
            "content_disposition": "",
            "content_encoding": "",
            "content_language": "",
            "content_type": "application/octet-stream",
            "etag": "d41d8cd98f00b204e9800998ecf8427e",
            "force_destroy": false,
            "id": "archive/",
            "key": "archive/",
            "kms_key_id": null,
            "metadata": {},
            "object_lock_legal_hold_status": "",
            "object_lock_mode": "",
            "object_lock_retain_until_date": "",
            "override_provider": [],
            "server_side_encryption": "AES256",
            "source": "/dev/null",
            "source_hash": null,
            "storage_class": "STANDARD",
            "tags": {},
            "tags_all": {},
            "version_id": "ofaW7WnpN_H4Al85ZAXxuazvz6pG5y3E",
            "website_redirect": ""
          },
          "sensitive_attributes": [],
          "private": "bnVsbA==",
          "dependencies": [
            "module.storage.aws_s3_bucket.recipe_storage"
          ]
        }
      ]
    },
    {
      "module": "module.storage",
      "mode": "managed",
      "type": "aws_s3_object",
      "name": "processed",
      "provider": "provider[\"registry.terraform.io/hashicorp/aws\"]",
      "instances": [
        {
          "schema_version": 0,
          "attributes": {
            "acl": null,
            "arn": "arn:aws:s3:::recipe-automation-dev-recipes/processed/",
            "bucket": "recipe-automation-dev-recipes",
            "bucket_key_enabled": false,
            "cache_control": "",
            "checksum_algorithm": null,
            "checksum_crc32": "",
            "checksum_crc32c": "",
            "checksum_sha1": "",
            "checksum_sha256": "",
            "content": null,
            "content_base64": null,
            "content_disposition": "",
            "content_encoding": "",
            "content_language": "",
            "content_type": "application/octet-stream",
            "etag": "d41d8cd98f00b204e9800998ecf8427e",
            "force_destroy": false,
            "id": "processed/",
            "key": "processed/",
            "kms_key_id": null,
            "metadata": {},
            "object_lock_legal_hold_status": "",
            "object_lock_mode": "",
            "object_lock_retain_until_date": "",
            "override_provider": [],
            "server_side_encryption": "AES256",
            "source": "/dev/null",
            "source_hash": null,
            "storage_class": "STANDARD",
            "tags": {},
            "tags_all": {},
            "version_id": "VWkzq99zZPz8pLj.UlbqJXm_EgAmtVM7",
            "website_redirect": ""
          },
          "sensitive_attributes": [],
          "private": "bnVsbA==",
          "dependencies": [
            "module.storage.aws_s3_bucket.recipe_storage"
          ]
        }
      ]
    },
    {
      "module": "module.storage",
      "mode": "managed",
      "type": "aws_s3_object",
      "name": "uploads",
      "provider": "provider[\"registry.terraform.io/hashicorp/aws\"]",
      "instances": [
        {
          "schema_version": 0,
          "attributes": {
            "acl": null,
            "arn": "arn:aws:s3:::recipe-automation-dev-recipes/uploads/",
            "bucket": "recipe-automation-dev-recipes",
            "bucket_key_enabled": false,
            "cache_control": "",
            "checksum_algorithm": null,
            "checksum_crc32": "",
            "checksum_crc32c": "",
            "checksum_sha1": "",
            "checksum_sha256": "",
            "content": null,
            "content_base64": null,
            "content_disposition": "",
            "content_encoding": "",
            "content_language": "",
            "content_type": "application/octet-stream",
            "etag": "d41d8cd98f00b204e9800998ecf8427e",
            "force_destroy": false,
            "id": "uploads/",
            "key": "uploads/",
            "kms_key_id": null,
            "metadata": {},
            "object_lock_legal_hold_status": "",
            "object_lock_mode": "",
            "object_lock_retain_until_date": "",
            "override_provider": [],
            "server_side_encryption": "AES256",
            "source": "/dev/null",
            "source_hash": null,
            "storage_class": "STANDARD",
            "tags": {},
            "tags_all": {},
            "version_id": "w.dIquUnNpO16_p8SOW6ldfCI3XCnh0i",
            "website_redirect": ""
          },
          "sensitive_attributes": [],
          "private": "bnVsbA==",
          "dependencies": [
            "module.storage.aws_s3_bucket.recipe_storage"
          ]
        }
      ]
    }
  ],
  "check_results": null
}
